
Microsoft Visual Studio Solution File, Format Version 12.00
# Visual Studio Version 16
VisualStudioVersion = 16.0.29123.88
MinimumVisualStudioVersion = 10.0.40219.1
Project("{FAE04EC0-301F-11D3-BF4B-00C04F79EFBC}") = "VideoPlayControl", "VideoPlayControl\VideoPlayControl.csproj", "{8410BDF8-2F6C-4BD1-A602-037DD86072F2}"
EndProject
Project("{FAE04EC0-301F-11D3-BF4B-00C04F79EFBC}") = "VideoPlayControl_UseDemo", "VideoPlayControl_UseDemo\VideoPlayControl_UseDemo.csproj", "{FCB0EA64-254B-4936-B686-0765D337EEBE}"
EndProject
Project("{FAE04EC0-301F-11D3-BF4B-00C04F79EFBC}") = "VideoPlayControlTests", "VideoPlayControlTests\VideoPlayControlTests.csproj", "{B80B7F61-5AC0-4D57-9A53-4DC003985332}"
EndProject
Project("{FAE04EC0-301F-11D3-BF4B-00C04F79EFBC}") = "VideoRecordPlayer", "VideoRecordPlayer\VideoRecordPlayer.csproj", "{D8D169BF-E6E1-4C01-BC78-FDA28D853CB3}"
EndProject
Project("{FAE04EC0-301F-11D3-BF4B-00C04F79EFBC}") = "VideoSDKTest", "VideoSDKTest\VideoSDKTest.csproj", "{FE16082C-679E-4911-A1E7-955B264E914C}"
EndProject
Project("{FAE04EC0-301F-11D3-BF4B-00C04F79EFBC}") = "TestDataSource", "TestDataSource\TestDataSource.csproj", "{C1D7EEE4-ED8D-4336-BDD3-B3FF3AE7F0BF}"
EndProject
Project("{FAE04EC0-301F-11D3-BF4B-00C04F79EFBC}") = "VideoPlayControl_UseDemo2", "VideoPlayControl_UseDemo2\VideoPlayControl_UseDemo2.csproj", "{CF6BF7A2-FD88-4577-B194-9C875248E7C3}"
EndProject
Project("{FAE04EC0-301F-11D3-BF4B-00C04F79EFBC}") = "VideoPlayControl_UserDemo1", "VideoPlayControl_UserDemo1\VideoPlayControl_UserDemo1.csproj", "{A9EB3B90-CDD9-47AF-B792-E6D873F2622A}"
EndProject
Project("{FAE04EC0-301F-11D3-BF4B-00C04F79EFBC}") = "VideoPlayControl_RemotePlayback", "VideoPlayControl_RemotePlayback\VideoPlayControl_RemotePlayback.csproj", "{D6C7F91F-D7DF-4397-8CAD-B5FC7CC9E3A9}"
EndProject
Project("{FAE04EC0-301F-11D3-BF4B-00C04F79EFBC}") = "VideoCurrencyModule", "VideoCurrencyModule\VideoCurrencyModule.csproj", "{C294576F-41C9-4CF8-97A3-643DDBE87E24}"
EndProject
Project("{FAE04EC0-301F-11D3-BF4B-00C04F79EFBC}") = "VideoCurrencyModuleTests", "VideoCurrencyModuleTests\VideoCurrencyModuleTests.csproj", "{961D0136-0344-4E3F-8854-B9751F05BD5B}"
EndProject
Project("{FAE04EC0-301F-11D3-BF4B-00C04F79EFBC}") = "VideoPlayControl_RemotePlayback_UseDemo", "VideoPlayControl_RemotePlayback_UseDemo\VideoPlayControl_RemotePlayback_UseDemo.csproj", "{255BCD5D-1DA1-4A86-A2EE-B5F148221650}"
EndProject
Project("{FAE04EC0-301F-11D3-BF4B-00C04F79EFBC}") = "SKVideoRemotePlayer", "SKVideoRemotePlayer\SKVideoRemotePlayer.csproj", "{6BBA392F-1A55-4E13-BDA4-252571F48E61}"
EndProject
Project("{FAE04EC0-301F-11D3-BF4B-00C04F79EFBC}") = "SKVideoRemotePlayerTests", "SKVideoRemotePlayerTests\SKVideoRemotePlayerTests.csproj", "{55BC5E8A-9607-4EB0-B6EA-2FA4F6F7BC1A}"
EndProject
Project("{FAE04EC0-301F-11D3-BF4B-00C04F79EFBC}") = "VideoPlayControlTests1", "VideoPlayControlTests1\VideoPlayControlTests1.csproj", "{50AD482E-5805-4B9E-B945-2C662E8F7350}"
EndProject
Project("{FAE04EC0-301F-11D3-BF4B-00C04F79EFBC}") = "VIdeoPlayControl_UseDemo3", "VIdeoPlayControl_UseDemo3\VIdeoPlayControl_UseDemo3.csproj", "{75229ACE-91B8-44A1-8B38-F0CBF529DF10}"
EndProject
Global
	GlobalSection(SolutionConfigurationPlatforms) = preSolution
		Debug|Any CPU = Debug|Any CPU
		Debug|x86 = Debug|x86
		Release|Any CPU = Release|Any CPU
		Release|x86 = Release|x86
	EndGlobalSection
	GlobalSection(ProjectConfigurationPlatforms) = postSolution
		{8410BDF8-2F6C-4BD1-A602-037DD86072F2}.Debug|Any CPU.ActiveCfg = Debug|Any CPU
		{8410BDF8-2F6C-4BD1-A602-037DD86072F2}.Debug|Any CPU.Build.0 = Debug|Any CPU
		{8410BDF8-2F6C-4BD1-A602-037DD86072F2}.Debug|x86.ActiveCfg = Debug|x86
		{8410BDF8-2F6C-4BD1-A602-037DD86072F2}.Debug|x86.Build.0 = Debug|x86
		{8410BDF8-2F6C-4BD1-A602-037DD86072F2}.Release|Any CPU.ActiveCfg = Release|Any CPU
		{8410BDF8-2F6C-4BD1-A602-037DD86072F2}.Release|Any CPU.Build.0 = Release|Any CPU
		{8410BDF8-2F6C-4BD1-A602-037DD86072F2}.Release|x86.ActiveCfg = Release|x86
		{8410BDF8-2F6C-4BD1-A602-037DD86072F2}.Release|x86.Build.0 = Release|x86
		{FCB0EA64-254B-4936-B686-0765D337EEBE}.Debug|Any CPU.ActiveCfg = Debug|Any CPU
		{FCB0EA64-254B-4936-B686-0765D337EEBE}.Debug|Any CPU.Build.0 = Debug|Any CPU
		{FCB0EA64-254B-4936-B686-0765D337EEBE}.Debug|x86.ActiveCfg = Debug|x86
		{FCB0EA64-254B-4936-B686-0765D337EEBE}.Debug|x86.Build.0 = Debug|x86
		{FCB0EA64-254B-4936-B686-0765D337EEBE}.Release|Any CPU.ActiveCfg = Release|Any CPU
		{FCB0EA64-254B-4936-B686-0765D337EEBE}.Release|Any CPU.Build.0 = Release|Any CPU
		{FCB0EA64-254B-4936-B686-0765D337EEBE}.Release|x86.ActiveCfg = Release|x86
		{FCB0EA64-254B-4936-B686-0765D337EEBE}.Release|x86.Build.0 = Release|x86
		{B80B7F61-5AC0-4D57-9A53-4DC003985332}.Debug|Any CPU.ActiveCfg = Debug|Any CPU
		{B80B7F61-5AC0-4D57-9A53-4DC003985332}.Debug|Any CPU.Build.0 = Debug|Any CPU
		{B80B7F61-5AC0-4D57-9A53-4DC003985332}.Debug|x86.ActiveCfg = Debug|x86
		{B80B7F61-5AC0-4D57-9A53-4DC003985332}.Debug|x86.Build.0 = Debug|x86
		{B80B7F61-5AC0-4D57-9A53-4DC003985332}.Release|Any CPU.ActiveCfg = Release|Any CPU
		{B80B7F61-5AC0-4D57-9A53-4DC003985332}.Release|Any CPU.Build.0 = Release|Any CPU
		{B80B7F61-5AC0-4D57-9A53-4DC003985332}.Release|x86.ActiveCfg = Release|x86
		{B80B7F61-5AC0-4D57-9A53-4DC003985332}.Release|x86.Build.0 = Release|x86
		{D8D169BF-E6E1-4C01-BC78-FDA28D853CB3}.Debug|Any CPU.ActiveCfg = Debug|Any CPU
		{D8D169BF-E6E1-4C01-BC78-FDA28D853CB3}.Debug|Any CPU.Build.0 = Debug|Any CPU
		{D8D169BF-E6E1-4C01-BC78-FDA28D853CB3}.Debug|x86.ActiveCfg = Debug|x86
		{D8D169BF-E6E1-4C01-BC78-FDA28D853CB3}.Debug|x86.Build.0 = Debug|x86
		{D8D169BF-E6E1-4C01-BC78-FDA28D853CB3}.Release|Any CPU.ActiveCfg = Release|Any CPU
		{D8D169BF-E6E1-4C01-BC78-FDA28D853CB3}.Release|Any CPU.Build.0 = Release|Any CPU
		{D8D169BF-E6E1-4C01-BC78-FDA28D853CB3}.Release|x86.ActiveCfg = Release|x86
		{D8D169BF-E6E1-4C01-BC78-FDA28D853CB3}.Release|x86.Build.0 = Release|x86
		{FE16082C-679E-4911-A1E7-955B264E914C}.Debug|Any CPU.ActiveCfg = Debug|Any CPU
		{FE16082C-679E-4911-A1E7-955B264E914C}.Debug|Any CPU.Build.0 = Debug|Any CPU
		{FE16082C-679E-4911-A1E7-955B264E914C}.Debug|x86.ActiveCfg = Debug|x86
		{FE16082C-679E-4911-A1E7-955B264E914C}.Debug|x86.Build.0 = Debug|x86
		{FE16082C-679E-4911-A1E7-955B264E914C}.Release|Any CPU.ActiveCfg = Release|Any CPU
		{FE16082C-679E-4911-A1E7-955B264E914C}.Release|Any CPU.Build.0 = Release|Any CPU
		{FE16082C-679E-4911-A1E7-955B264E914C}.Release|x86.ActiveCfg = Release|x86
		{FE16082C-679E-4911-A1E7-955B264E914C}.Release|x86.Build.0 = Release|x86
		{C1D7EEE4-ED8D-4336-BDD3-B3FF3AE7F0BF}.Debug|Any CPU.ActiveCfg = Debug|Any CPU
		{C1D7EEE4-ED8D-4336-BDD3-B3FF3AE7F0BF}.Debug|Any CPU.Build.0 = Debug|Any CPU
		{C1D7EEE4-ED8D-4336-BDD3-B3FF3AE7F0BF}.Debug|x86.ActiveCfg = Debug|x86
		{C1D7EEE4-ED8D-4336-BDD3-B3FF3AE7F0BF}.Debug|x86.Build.0 = Debug|x86
		{C1D7EEE4-ED8D-4336-BDD3-B3FF3AE7F0BF}.Release|Any CPU.ActiveCfg = Release|Any CPU
		{C1D7EEE4-ED8D-4336-BDD3-B3FF3AE7F0BF}.Release|Any CPU.Build.0 = Release|Any CPU
		{C1D7EEE4-ED8D-4336-BDD3-B3FF3AE7F0BF}.Release|x86.ActiveCfg = Release|x86
		{C1D7EEE4-ED8D-4336-BDD3-B3FF3AE7F0BF}.Release|x86.Build.0 = Release|x86
		{CF6BF7A2-FD88-4577-B194-9C875248E7C3}.Debug|Any CPU.ActiveCfg = Debug|Any CPU
		{CF6BF7A2-FD88-4577-B194-9C875248E7C3}.Debug|Any CPU.Build.0 = Debug|Any CPU
		{CF6BF7A2-FD88-4577-B194-9C875248E7C3}.Debug|x86.ActiveCfg = Debug|x86
		{CF6BF7A2-FD88-4577-B194-9C875248E7C3}.Debug|x86.Build.0 = Debug|x86
		{CF6BF7A2-FD88-4577-B194-9C875248E7C3}.Release|Any CPU.ActiveCfg = Release|Any CPU
		{CF6BF7A2-FD88-4577-B194-9C875248E7C3}.Release|Any CPU.Build.0 = Release|Any CPU
		{CF6BF7A2-FD88-4577-B194-9C875248E7C3}.Release|x86.ActiveCfg = Release|x86
		{CF6BF7A2-FD88-4577-B194-9C875248E7C3}.Release|x86.Build.0 = Release|x86
		{A9EB3B90-CDD9-47AF-B792-E6D873F2622A}.Debug|Any CPU.ActiveCfg = Debug|Any CPU
		{A9EB3B90-CDD9-47AF-B792-E6D873F2622A}.Debug|Any CPU.Build.0 = Debug|Any CPU
		{A9EB3B90-CDD9-47AF-B792-E6D873F2622A}.Debug|x86.ActiveCfg = Debug|x86
		{A9EB3B90-CDD9-47AF-B792-E6D873F2622A}.Debug|x86.Build.0 = Debug|x86
		{A9EB3B90-CDD9-47AF-B792-E6D873F2622A}.Release|Any CPU.ActiveCfg = Release|Any CPU
		{A9EB3B90-CDD9-47AF-B792-E6D873F2622A}.Release|Any CPU.Build.0 = Release|Any CPU
		{A9EB3B90-CDD9-47AF-B792-E6D873F2622A}.Release|x86.ActiveCfg = Release|x86
		{A9EB3B90-CDD9-47AF-B792-E6D873F2622A}.Release|x86.Build.0 = Release|x86
		{D6C7F91F-D7DF-4397-8CAD-B5FC7CC9E3A9}.Debug|Any CPU.ActiveCfg = Debug|Any CPU
		{D6C7F91F-D7DF-4397-8CAD-B5FC7CC9E3A9}.Debug|Any CPU.Build.0 = Debug|Any CPU
		{D6C7F91F-D7DF-4397-8CAD-B5FC7CC9E3A9}.Debug|x86.ActiveCfg = Debug|Any CPU
		{D6C7F91F-D7DF-4397-8CAD-B5FC7CC9E3A9}.Debug|x86.Build.0 = Debug|Any CPU
		{D6C7F91F-D7DF-4397-8CAD-B5FC7CC9E3A9}.Release|Any CPU.ActiveCfg = Release|Any CPU
		{D6C7F91F-D7DF-4397-8CAD-B5FC7CC9E3A9}.Release|Any CPU.Build.0 = Release|Any CPU
		{D6C7F91F-D7DF-4397-8CAD-B5FC7CC9E3A9}.Release|x86.ActiveCfg = Release|Any CPU
		{D6C7F91F-D7DF-4397-8CAD-B5FC7CC9E3A9}.Release|x86.Build.0 = Release|Any CPU
		{C294576F-41C9-4CF8-97A3-643DDBE87E24}.Debug|Any CPU.ActiveCfg = Debug|Any CPU
		{C294576F-41C9-4CF8-97A3-643DDBE87E24}.Debug|Any CPU.Build.0 = Debug|Any CPU
		{C294576F-41C9-4CF8-97A3-643DDBE87E24}.Debug|x86.ActiveCfg = Debug|Any CPU
		{C294576F-41C9-4CF8-97A3-643DDBE87E24}.Debug|x86.Build.0 = Debug|Any CPU
		{C294576F-41C9-4CF8-97A3-643DDBE87E24}.Release|Any CPU.ActiveCfg = Release|Any CPU
		{C294576F-41C9-4CF8-97A3-643DDBE87E24}.Release|Any CPU.Build.0 = Release|Any CPU
		{C294576F-41C9-4CF8-97A3-643DDBE87E24}.Release|x86.ActiveCfg = Release|Any CPU
		{C294576F-41C9-4CF8-97A3-643DDBE87E24}.Release|x86.Build.0 = Release|Any CPU
		{961D0136-0344-4E3F-8854-B9751F05BD5B}.Debug|Any CPU.ActiveCfg = Debug|Any CPU
		{961D0136-0344-4E3F-8854-B9751F05BD5B}.Debug|Any CPU.Build.0 = Debug|Any CPU
		{961D0136-0344-4E3F-8854-B9751F05BD5B}.Debug|x86.ActiveCfg = Debug|Any CPU
		{961D0136-0344-4E3F-8854-B9751F05BD5B}.Debug|x86.Build.0 = Debug|Any CPU
		{961D0136-0344-4E3F-8854-B9751F05BD5B}.Release|Any CPU.ActiveCfg = Release|Any CPU
		{961D0136-0344-4E3F-8854-B9751F05BD5B}.Release|Any CPU.Build.0 = Release|Any CPU
		{961D0136-0344-4E3F-8854-B9751F05BD5B}.Release|x86.ActiveCfg = Release|Any CPU
		{961D0136-0344-4E3F-8854-B9751F05BD5B}.Release|x86.Build.0 = Release|Any CPU
		{255BCD5D-1DA1-4A86-A2EE-B5F148221650}.Debug|Any CPU.ActiveCfg = Debug|Any CPU
		{255BCD5D-1DA1-4A86-A2EE-B5F148221650}.Debug|Any CPU.Build.0 = Debug|Any CPU
		{255BCD5D-1DA1-4A86-A2EE-B5F148221650}.Debug|x86.ActiveCfg = Debug|Any CPU
		{255BCD5D-1DA1-4A86-A2EE-B5F148221650}.Debug|x86.Build.0 = Debug|Any CPU
		{255BCD5D-1DA1-4A86-A2EE-B5F148221650}.Release|Any CPU.ActiveCfg = Release|Any CPU
		{255BCD5D-1DA1-4A86-A2EE-B5F148221650}.Release|Any CPU.Build.0 = Release|Any CPU
		{255BCD5D-1DA1-4A86-A2EE-B5F148221650}.Release|x86.ActiveCfg = Release|Any CPU
		{255BCD5D-1DA1-4A86-A2EE-B5F148221650}.Release|x86.Build.0 = Release|Any CPU
		{6BBA392F-1A55-4E13-BDA4-252571F48E61}.Debug|Any CPU.ActiveCfg = Debug|Any CPU
		{6BBA392F-1A55-4E13-BDA4-252571F48E61}.Debug|Any CPU.Build.0 = Debug|Any CPU
		{6BBA392F-1A55-4E13-BDA4-252571F48E61}.Debug|x86.ActiveCfg = Debug|Any CPU
		{6BBA392F-1A55-4E13-BDA4-252571F48E61}.Debug|x86.Build.0 = Debug|Any CPU
		{6BBA392F-1A55-4E13-BDA4-252571F48E61}.Release|Any CPU.ActiveCfg = Release|Any CPU
		{6BBA392F-1A55-4E13-BDA4-252571F48E61}.Release|Any CPU.Build.0 = Release|Any CPU
		{6BBA392F-1A55-4E13-BDA4-252571F48E61}.Release|x86.ActiveCfg = Release|Any CPU
		{6BBA392F-1A55-4E13-BDA4-252571F48E61}.Release|x86.Build.0 = Release|Any CPU
		{55BC5E8A-9607-4EB0-B6EA-2FA4F6F7BC1A}.Debug|Any CPU.ActiveCfg = Debug|Any CPU
		{55BC5E8A-9607-4EB0-B6EA-2FA4F6F7BC1A}.Debug|Any CPU.Build.0 = Debug|Any CPU
		{55BC5E8A-9607-4EB0-B6EA-2FA4F6F7BC1A}.Debug|x86.ActiveCfg = Debug|Any CPU
		{55BC5E8A-9607-4EB0-B6EA-2FA4F6F7BC1A}.Debug|x86.Build.0 = Debug|Any CPU
		{55BC5E8A-9607-4EB0-B6EA-2FA4F6F7BC1A}.Release|Any CPU.ActiveCfg = Release|Any CPU
		{55BC5E8A-9607-4EB0-B6EA-2FA4F6F7BC1A}.Release|Any CPU.Build.0 = Release|Any CPU
		{55BC5E8A-9607-4EB0-B6EA-2FA4F6F7BC1A}.Release|x86.ActiveCfg = Release|Any CPU
		{55BC5E8A-9607-4EB0-B6EA-2FA4F6F7BC1A}.Release|x86.Build.0 = Release|Any CPU
		{50AD482E-5805-4B9E-B945-2C662E8F7350}.Debug|Any CPU.ActiveCfg = Debug|Any CPU
		{50AD482E-5805-4B9E-B945-2C662E8F7350}.Debug|Any CPU.Build.0 = Debug|Any CPU
		{50AD482E-5805-4B9E-B945-2C662E8F7350}.Debug|x86.ActiveCfg = Debug|Any CPU
		{50AD482E-5805-4B9E-B945-2C662E8F7350}.Debug|x86.Build.0 = Debug|Any CPU
		{50AD482E-5805-4B9E-B945-2C662E8F7350}.Release|Any CPU.ActiveCfg = Release|Any CPU
		{50AD482E-5805-4B9E-B945-2C662E8F7350}.Release|Any CPU.Build.0 = Release|Any CPU
		{50AD482E-5805-4B9E-B945-2C662E8F7350}.Release|x86.ActiveCfg = Release|Any CPU
		{50AD482E-5805-4B9E-B945-2C662E8F7350}.Release|x86.Build.0 = Release|Any CPU
		{75229ACE-91B8-44A1-8B38-F0CBF529DF10}.Debug|Any CPU.ActiveCfg = Debug|Any CPU
		{75229ACE-91B8-44A1-8B38-F0CBF529DF10}.Debug|Any CPU.Build.0 = Debug|Any CPU
		{75229ACE-91B8-44A1-8B38-F0CBF529DF10}.Debug|x86.ActiveCfg = Debug|Any CPU
		{75229ACE-91B8-44A1-8B38-F0CBF529DF10}.Debug|x86.Build.0 = Debug|Any CPU
		{75229ACE-91B8-44A1-8B38-F0CBF529DF10}.Release|Any CPU.ActiveCfg = Release|Any CPU
		{75229ACE-91B8-44A1-8B38-F0CBF529DF10}.Release|Any CPU.Build.0 = Release|Any CPU
		{75229ACE-91B8-44A1-8B38-F0CBF529DF10}.Release|x86.ActiveCfg = Release|Any CPU
		{75229ACE-91B8-44A1-8B38-F0CBF529DF10}.Release|x86.Build.0 = Release|Any CPU
	EndGlobalSection
	GlobalSection(SolutionProperties) = preSolution
		HideSolutionNode = FALSE
	EndGlobalSection
	GlobalSection(ExtensibilityGlobals) = postSolution
		SolutionGuid = {6B799965-C9BC-4589-9E33-B838941FA8F8}
	EndGlobalSection
EndGlobal
