
Microsoft Visual Studio Solution File, Format Version 12.00
# Visual Studio 15
VisualStudioVersion = 15.0.27004.2005
MinimumVisualStudioVersion = 10.0.40219.1
Project("{FAE04EC0-301F-11D3-BF4B-00C04F79EFBC}") = "VideoPlayControl", "VideoPlayControl\VideoPlayControl.csproj", "{8410BDF8-2F6C-4BD1-A602-037DD86072F2}"
EndProject
Project("{FAE04EC0-301F-11D3-BF4B-00C04F79EFBC}") = "VideoPlayControl_UseDemo", "VideoPlayControl_UseDemo\VideoPlayControl_UseDemo.csproj", "{FCB0EA64-254B-4936-B686-0765D337EEBE}"
EndProject
Project("{FAE04EC0-301F-11D3-BF4B-00C04F79EFBC}") = "VideoPlayControlTests", "VideoPlayControlTests\VideoPlayControlTests.csproj", "{B80B7F61-5AC0-4D57-9A53-4DC003985332}"
EndProject
Project("{FAE04EC0-301F-11D3-BF4B-00C04F79EFBC}") = "VideoRecordPlayer", "VideoRecordPlayer\VideoRecordPlayer.csproj", "{D8D169BF-E6E1-4C01-BC78-FDA28D853CB3}"
EndProject
Project("{FAE04EC0-301F-11D3-BF4B-00C04F79EFBC}") = "VideoSDKTest", "VideoSDKTest\VideoSDKTest.csproj", "{FE16082C-679E-4911-A1E7-955B264E914C}"
EndProject
Project("{FAE04EC0-301F-11D3-BF4B-00C04F79EFBC}") = "TestDataSource", "TestDataSource\TestDataSource.csproj", "{C1D7EEE4-ED8D-4336-BDD3-B3FF3AE7F0BF}"
EndProject
Project("{FAE04EC0-301F-11D3-BF4B-00C04F79EFBC}") = "VideoPlayControl_UseDemo2", "VideoPlayControl_UseDemo2\VideoPlayControl_UseDemo2.csproj", "{CF6BF7A2-FD88-4577-B194-9C875248E7C3}"
EndProject
Global
	GlobalSection(SolutionConfigurationPlatforms) = preSolution
		Debug|Any CPU = Debug|Any CPU
		Release|Any CPU = Release|Any CPU
	EndGlobalSection
	GlobalSection(ProjectConfigurationPlatforms) = postSolution
		{8410BDF8-2F6C-4BD1-A602-037DD86072F2}.Debug|Any CPU.ActiveCfg = Debug|Any CPU
		{8410BDF8-2F6C-4BD1-A602-037DD86072F2}.Debug|Any CPU.Build.0 = Debug|Any CPU
		{8410BDF8-2F6C-4BD1-A602-037DD86072F2}.Release|Any CPU.ActiveCfg = Release|Any CPU
		{8410BDF8-2F6C-4BD1-A602-037DD86072F2}.Release|Any CPU.Build.0 = Release|Any CPU
		{FCB0EA64-254B-4936-B686-0765D337EEBE}.Debug|Any CPU.ActiveCfg = Debug|Any CPU
		{FCB0EA64-254B-4936-B686-0765D337EEBE}.Debug|Any CPU.Build.0 = Debug|Any CPU
		{FCB0EA64-254B-4936-B686-0765D337EEBE}.Release|Any CPU.ActiveCfg = Release|Any CPU
		{FCB0EA64-254B-4936-B686-0765D337EEBE}.Release|Any CPU.Build.0 = Release|Any CPU
		{B80B7F61-5AC0-4D57-9A53-4DC003985332}.Debug|Any CPU.ActiveCfg = Debug|Any CPU
		{B80B7F61-5AC0-4D57-9A53-4DC003985332}.Debug|Any CPU.Build.0 = Debug|Any CPU
		{B80B7F61-5AC0-4D57-9A53-4DC003985332}.Release|Any CPU.ActiveCfg = Release|Any CPU
		{B80B7F61-5AC0-4D57-9A53-4DC003985332}.Release|Any CPU.Build.0 = Release|Any CPU
		{D8D169BF-E6E1-4C01-BC78-FDA28D853CB3}.Debug|Any CPU.ActiveCfg = Debug|Any CPU
		{D8D169BF-E6E1-4C01-BC78-FDA28D853CB3}.Debug|Any CPU.Build.0 = Debug|Any CPU
		{D8D169BF-E6E1-4C01-BC78-FDA28D853CB3}.Release|Any CPU.ActiveCfg = Release|Any CPU
		{D8D169BF-E6E1-4C01-BC78-FDA28D853CB3}.Release|Any CPU.Build.0 = Release|Any CPU
		{FE16082C-679E-4911-A1E7-955B264E914C}.Debug|Any CPU.ActiveCfg = Debug|Any CPU
		{FE16082C-679E-4911-A1E7-955B264E914C}.Debug|Any CPU.Build.0 = Debug|Any CPU
		{FE16082C-679E-4911-A1E7-955B264E914C}.Release|Any CPU.ActiveCfg = Release|Any CPU
		{FE16082C-679E-4911-A1E7-955B264E914C}.Release|Any CPU.Build.0 = Release|Any CPU
		{C1D7EEE4-ED8D-4336-BDD3-B3FF3AE7F0BF}.Debug|Any CPU.ActiveCfg = Debug|Any CPU
		{C1D7EEE4-ED8D-4336-BDD3-B3FF3AE7F0BF}.Debug|Any CPU.Build.0 = Debug|Any CPU
		{C1D7EEE4-ED8D-4336-BDD3-B3FF3AE7F0BF}.Release|Any CPU.ActiveCfg = Release|Any CPU
		{C1D7EEE4-ED8D-4336-BDD3-B3FF3AE7F0BF}.Release|Any CPU.Build.0 = Release|Any CPU
		{CF6BF7A2-FD88-4577-B194-9C875248E7C3}.Debug|Any CPU.ActiveCfg = Debug|Any CPU
		{CF6BF7A2-FD88-4577-B194-9C875248E7C3}.Debug|Any CPU.Build.0 = Debug|Any CPU
		{CF6BF7A2-FD88-4577-B194-9C875248E7C3}.Release|Any CPU.ActiveCfg = Release|Any CPU
		{CF6BF7A2-FD88-4577-B194-9C875248E7C3}.Release|Any CPU.Build.0 = Release|Any CPU
	EndGlobalSection
	GlobalSection(SolutionProperties) = preSolution
		HideSolutionNode = FALSE
	EndGlobalSection
	GlobalSection(ExtensibilityGlobals) = postSolution
		SolutionGuid = {6B799965-C9BC-4589-9E33-B838941FA8F8}
	EndGlobalSection
EndGlobal
